// !$*UTF8*$!
{
	archiveVersion = 1;
	classes = {
	};
	objectVersion = 50;
	objects = {

/* Begin PBXBuildFile section */
		EB02435B2521416100EF93B9 /* HomeViewController.storyboard in Resources */ = {isa = PBXBuildFile; fileRef = EB02435A2521416100EF93B9 /* HomeViewController.storyboard */; };
		EB15FF6225856E8000E98452 /* MarketReuseableView.xib in Resources */ = {isa = PBXBuildFile; fileRef = EB15FF6125856E8000E98452 /* MarketReuseableView.xib */; };
		EB15FF6425856E9F00E98452 /* MarketReuseableView.swift in Sources */ = {isa = PBXBuildFile; fileRef = EB15FF6325856E9F00E98452 /* MarketReuseableView.swift */; };
		EB22E0EA2569C71900453D85 /* ForgotPasswordViewModel.swift in Sources */ = {isa = PBXBuildFile; fileRef = EB22E0E92569C71900453D85 /* ForgotPasswordViewModel.swift */; };
		EB22E0ED2569C77000453D85 /* ForgotPasswordBuilder.swift in Sources */ = {isa = PBXBuildFile; fileRef = EB22E0EC2569C77000453D85 /* ForgotPasswordBuilder.swift */; };
		EB22E0EF2569D14600453D85 /* Enums.swift in Sources */ = {isa = PBXBuildFile; fileRef = EB22E0EE2569D14600453D85 /* Enums.swift */; };
		EB30EBB3259D12F700D36DE1 /* DismissableViewController.swift in Sources */ = {isa = PBXBuildFile; fileRef = EB30EBB2259D12F700D36DE1 /* DismissableViewController.swift */; };
		EB30EBB6259D133000D36DE1 /* DismissableViewController.storyboard in Resources */ = {isa = PBXBuildFile; fileRef = EB30EBB5259D133000D36DE1 /* DismissableViewController.storyboard */; };
		EB30EBBC259D5CCF00D36DE1 /* ConditionViewCell.swift in Sources */ = {isa = PBXBuildFile; fileRef = EB30EBBA259D5CCF00D36DE1 /* ConditionViewCell.swift */; };
		EB30EBBD259D5CCF00D36DE1 /* ConditionViewCell.xib in Resources */ = {isa = PBXBuildFile; fileRef = EB30EBBB259D5CCF00D36DE1 /* ConditionViewCell.xib */; };
		EB30EBC1259D6B1600D36DE1 /* DismissableHeaderView.swift in Sources */ = {isa = PBXBuildFile; fileRef = EB30EBC0259D6B1600D36DE1 /* DismissableHeaderView.swift */; };
		EB30EBC4259D6BDD00D36DE1 /* DismissableHeaderView.xib in Resources */ = {isa = PBXBuildFile; fileRef = EB30EBC3259D6BDD00D36DE1 /* DismissableHeaderView.xib */; };
		EB30EBC7259E29EE00D36DE1 /* DismissableViewModel.swift in Sources */ = {isa = PBXBuildFile; fileRef = EB30EBC6259E29EE00D36DE1 /* DismissableViewModel.swift */; };
		EB30EBCB259E388D00D36DE1 /* OfferViewCell.swift in Sources */ = {isa = PBXBuildFile; fileRef = EB30EBC9259E388D00D36DE1 /* OfferViewCell.swift */; };
		EB30EBCC259E388D00D36DE1 /* OfferViewCell.xib in Resources */ = {isa = PBXBuildFile; fileRef = EB30EBCA259E388D00D36DE1 /* OfferViewCell.xib */; };
		EB30EBD0259E3DC100D36DE1 /* DetailedAuctionBuilder.swift in Sources */ = {isa = PBXBuildFile; fileRef = EB30EBCF259E3DC100D36DE1 /* DetailedAuctionBuilder.swift */; };
		EB3133662524DCF3008FF586 /* RegisterViewModel.swift in Sources */ = {isa = PBXBuildFile; fileRef = EB3133652524DCF3008FF586 /* RegisterViewModel.swift */; };
		EB313368252510AD008FF586 /* AlertManager.swift in Sources */ = {isa = PBXBuildFile; fileRef = EB313367252510AD008FF586 /* AlertManager.swift */; };
		EB31336D25252AAF008FF586 /* RegisterBuilder.swift in Sources */ = {isa = PBXBuildFile; fileRef = EB31336C25252AAF008FF586 /* RegisterBuilder.swift */; };
		EB3F8BFA257ECAAA00FD381D /* MarketResultsViewController.swift in Sources */ = {isa = PBXBuildFile; fileRef = EB3F8BF9257ECAAA00FD381D /* MarketResultsViewController.swift */; };
		EB3F8BFC257ECABA00FD381D /* MarketResultsViewController.storyboard in Resources */ = {isa = PBXBuildFile; fileRef = EB3F8BFB257ECABA00FD381D /* MarketResultsViewController.storyboard */; };
		EB3F8BFE257ED1C800FD381D /* MarketResultsViewModel.swift in Sources */ = {isa = PBXBuildFile; fileRef = EB3F8BFD257ED1C800FD381D /* MarketResultsViewModel.swift */; };
		EB3F8C02257ED90400FD381D /* MarketProductCell.swift in Sources */ = {isa = PBXBuildFile; fileRef = EB3F8C00257ED90400FD381D /* MarketProductCell.swift */; };
		EB3F8C03257ED90400FD381D /* MarketProductCell.xib in Resources */ = {isa = PBXBuildFile; fileRef = EB3F8C01257ED90400FD381D /* MarketProductCell.xib */; };
		EB568FC9257D725100FE8B5E /* NetworkService.swift in Sources */ = {isa = PBXBuildFile; fileRef = EB568FC8257D725100FE8B5E /* NetworkService.swift */; };
		EB568FCC257D72AB00FE8B5E /* NetworkError.swift in Sources */ = {isa = PBXBuildFile; fileRef = EB568FCB257D72AB00FE8B5E /* NetworkError.swift */; };
		EB56A6C12556422F00A57448 /* Promise.swift in Sources */ = {isa = PBXBuildFile; fileRef = EB56A6C02556422F00A57448 /* Promise.swift */; };
		EB56A6C32557573B00A57448 /* AccountViewController.swift in Sources */ = {isa = PBXBuildFile; fileRef = EB56A6C22557573B00A57448 /* AccountViewController.swift */; };
		EB639A742517F3DB00D4903B /* Extensions.swift in Sources */ = {isa = PBXBuildFile; fileRef = EB639A732517F3DB00D4903B /* Extensions.swift */; };
		EB639A762517F67800D4903B /* DriverInfoViewController.swift in Sources */ = {isa = PBXBuildFile; fileRef = EB639A752517F67800D4903B /* DriverInfoViewController.swift */; };
		EB6BF26B259BD97200CE1614 /* KeyboardLayoutConstraint.swift in Sources */ = {isa = PBXBuildFile; fileRef = EB6BF26A259BD97200CE1614 /* KeyboardLayoutConstraint.swift */; };
		EB6CC0E1253B7D5100BBF7D5 /* CameraViewModel.swift in Sources */ = {isa = PBXBuildFile; fileRef = EB6CC0E0253B7D5100BBF7D5 /* CameraViewModel.swift */; };
		EB6E2B0D253395A3009EBBD7 /* PhotoInformationCell.swift in Sources */ = {isa = PBXBuildFile; fileRef = EB6E2B0B253395A3009EBBD7 /* PhotoInformationCell.swift */; };
		EB6E2B0E253395A3009EBBD7 /* PhotoInformationCell.xib in Resources */ = {isa = PBXBuildFile; fileRef = EB6E2B0C253395A3009EBBD7 /* PhotoInformationCell.xib */; };
		EB6E5528250C888700816820 /* RootViewController.swift in Sources */ = {isa = PBXBuildFile; fileRef = EB6E5527250C888700816820 /* RootViewController.swift */; };
		EB6E552D250C8C5B00816820 /* PassiveLoadingViewController.swift in Sources */ = {isa = PBXBuildFile; fileRef = EB6E552B250C8C5B00816820 /* PassiveLoadingViewController.swift */; };
		EB6E5535250C90E800816820 /* LaunchScreen.storyboard in Resources */ = {isa = PBXBuildFile; fileRef = EB6E5534250C90E800816820 /* LaunchScreen.storyboard */; };
		EB7B0881252987310050EE9F /* DriverInfoViewModel.swift in Sources */ = {isa = PBXBuildFile; fileRef = EB7B0880252987310050EE9F /* DriverInfoViewModel.swift */; };
		EB7B088725298B690050EE9F /* DriverInfoBuilder.swift in Sources */ = {isa = PBXBuildFile; fileRef = EB7B088625298B690050EE9F /* DriverInfoBuilder.swift */; };
		EB7B088A25298BDD0050EE9F /* DriverRequirementCell.swift in Sources */ = {isa = PBXBuildFile; fileRef = EB7B088825298BDD0050EE9F /* DriverRequirementCell.swift */; };
		EB7B088B25298BDD0050EE9F /* DriverRequirementCell.xib in Resources */ = {isa = PBXBuildFile; fileRef = EB7B088925298BDD0050EE9F /* DriverRequirementCell.xib */; };
		EB87F489255E39110052B51D /* NibOwnerLoadable.swift in Sources */ = {isa = PBXBuildFile; fileRef = EB87F488255E39110052B51D /* NibOwnerLoadable.swift */; };
		EB87F48C255F742C0052B51D /* LoginBuilder.swift in Sources */ = {isa = PBXBuildFile; fileRef = EB87F48B255F742C0052B51D /* LoginBuilder.swift */; };
		EB8B25A8255D9F1C00453506 /* GeneralTextView.xib in Resources */ = {isa = PBXBuildFile; fileRef = EB8B25A7255D9F1C00453506 /* GeneralTextView.xib */; };
		EB8B25AA255DBC4100453506 /* GeneralTextView.swift in Sources */ = {isa = PBXBuildFile; fileRef = EB8B25A9255DBC4100453506 /* GeneralTextView.swift */; };
		EB8EF44F257B43CB008BCBD8 /* AuctionViewController.swift in Sources */ = {isa = PBXBuildFile; fileRef = EB8EF44E257B43CB008BCBD8 /* AuctionViewController.swift */; };
		EB8EF451257B43DF008BCBD8 /* AuctionViewController.storyboard in Resources */ = {isa = PBXBuildFile; fileRef = EB8EF450257B43DF008BCBD8 /* AuctionViewController.storyboard */; };
		EB8EF454257B446A008BCBD8 /* SearchViewController.swift in Sources */ = {isa = PBXBuildFile; fileRef = EB8EF453257B446A008BCBD8 /* SearchViewController.swift */; };
		EB8EF456257B447C008BCBD8 /* SearchViewController.storyboard in Resources */ = {isa = PBXBuildFile; fileRef = EB8EF455257B447C008BCBD8 /* SearchViewController.storyboard */; };
		EB9002E1250ED61C00F8B015 /* PhotoInformationViewController.swift in Sources */ = {isa = PBXBuildFile; fileRef = EB9002E0250ED61C00F8B015 /* PhotoInformationViewController.swift */; };
		EB918DFA25297ABB00EC0254 /* TableView.swift in Sources */ = {isa = PBXBuildFile; fileRef = EB918DF925297ABB00EC0254 /* TableView.swift */; };
		EB9890B7250C9A8B00E35BEF /* RootViewController.storyboard in Resources */ = {isa = PBXBuildFile; fileRef = EB9890B6250C9A8B00E35BEF /* RootViewController.storyboard */; };
		EB9890B9250C9C5200E35BEF /* TabBarViewController.swift in Sources */ = {isa = PBXBuildFile; fileRef = EB9890B8250C9C5200E35BEF /* TabBarViewController.swift */; };
		EB9890BD250DC15000E35BEF /* AccountViewController.storyboard in Resources */ = {isa = PBXBuildFile; fileRef = EB9890BC250DC15000E35BEF /* AccountViewController.storyboard */; };
		EB9890BF250DC15B00E35BEF /* DriverInfoViewController.storyboard in Resources */ = {isa = PBXBuildFile; fileRef = EB9890BE250DC15B00E35BEF /* DriverInfoViewController.storyboard */; };
		EB9890C4250DC53100E35BEF /* LoginViewController.swift in Sources */ = {isa = PBXBuildFile; fileRef = EB9890C3250DC53100E35BEF /* LoginViewController.swift */; };
		EB9890C8250DC82F00E35BEF /* Bindable.swift in Sources */ = {isa = PBXBuildFile; fileRef = EB9890C7250DC82F00E35BEF /* Bindable.swift */; };
		EB9890CA250DC9B400E35BEF /* LoginViewModel.swift in Sources */ = {isa = PBXBuildFile; fileRef = EB9890C9250DC9B400E35BEF /* LoginViewModel.swift */; };
		EB9890CD250DCC4A00E35BEF /* LoginViewController.storyboard in Resources */ = {isa = PBXBuildFile; fileRef = EB9890CC250DCC4A00E35BEF /* LoginViewController.storyboard */; };
		EB9F5765257B3CD6006447A9 /* MarketViewController.swift in Sources */ = {isa = PBXBuildFile; fileRef = EB9F5764257B3CD6006447A9 /* MarketViewController.swift */; };
		EB9F5767257B3CF5006447A9 /* MarketViewController.storyboard in Resources */ = {isa = PBXBuildFile; fileRef = EB9F5766257B3CF5006447A9 /* MarketViewController.storyboard */; };
		EBA3942B251191190019B273 /* BottomStatusHelperView.swift in Sources */ = {isa = PBXBuildFile; fileRef = EBA3942A251191190019B273 /* BottomStatusHelperView.swift */; };
		EBA3942D251191990019B273 /* BottomStatusHelperView.xib in Resources */ = {isa = PBXBuildFile; fileRef = EBA3942C251191990019B273 /* BottomStatusHelperView.xib */; };
		EBAC26B52597CEE800200817 /* AuctionViewModel.swift in Sources */ = {isa = PBXBuildFile; fileRef = EBAC26B42597CEE800200817 /* AuctionViewModel.swift */; };
		EBAC26B92597D27B00200817 /* AuctionTableViewCell.swift in Sources */ = {isa = PBXBuildFile; fileRef = EBAC26B72597D27B00200817 /* AuctionTableViewCell.swift */; };
		EBAC26BA2597D27B00200817 /* AuctionTableViewCell.xib in Resources */ = {isa = PBXBuildFile; fileRef = EBAC26B82597D27B00200817 /* AuctionTableViewCell.xib */; };
		EBAC26BC2598185100200817 /* AuctionTableHeaderView.swift in Sources */ = {isa = PBXBuildFile; fileRef = EBAC26BB2598185100200817 /* AuctionTableHeaderView.swift */; };
		EBAC26BE2598189600200817 /* AuctionTableHeaderView.xib in Resources */ = {isa = PBXBuildFile; fileRef = EBAC26BD2598189600200817 /* AuctionTableHeaderView.xib */; };
		EBAC26C125982FD600200817 /* DetailedAuctionItemViewController.swift in Sources */ = {isa = PBXBuildFile; fileRef = EBAC26C025982FD600200817 /* DetailedAuctionItemViewController.swift */; };
		EBAC26C32598307700200817 /* DetailedAuctionItemViewController.storyboard in Resources */ = {isa = PBXBuildFile; fileRef = EBAC26C22598307700200817 /* DetailedAuctionItemViewController.storyboard */; };
		EBAC26C52599326F00200817 /* AuctionPictureCollectionController.swift in Sources */ = {isa = PBXBuildFile; fileRef = EBAC26C42599326F00200817 /* AuctionPictureCollectionController.swift */; };
		EBAC26C7259942E400200817 /* AuctionPictureViewModel.swift in Sources */ = {isa = PBXBuildFile; fileRef = EBAC26C6259942E400200817 /* AuctionPictureViewModel.swift */; };
		EBAC26CB259948F400200817 /* AuctionPicturesCollectionCell.swift in Sources */ = {isa = PBXBuildFile; fileRef = EBAC26C9259948F400200817 /* AuctionPicturesCollectionCell.swift */; };
		EBAC26CC259948F400200817 /* AuctionPicturesCollectionCell.xib in Resources */ = {isa = PBXBuildFile; fileRef = EBAC26CA259948F400200817 /* AuctionPicturesCollectionCell.xib */; };
		EBAE645F25281481000F654C /* HomeViewController.swift in Sources */ = {isa = PBXBuildFile; fileRef = EBAE645E25281481000F654C /* HomeViewController.swift */; };
		EBAE646225281C24000F654C /* StoryboardNavigation.swift in Sources */ = {isa = PBXBuildFile; fileRef = EBAE646125281C24000F654C /* StoryboardNavigation.swift */; };
		EBAE646525282DA7000F654C /* BurgerMenuPresentationController.swift in Sources */ = {isa = PBXBuildFile; fileRef = EBAE646425282DA7000F654C /* BurgerMenuPresentationController.swift */; };
		EBAE646725282E9F000F654C /* BurgerMenuAnimatedTransitioning.swift in Sources */ = {isa = PBXBuildFile; fileRef = EBAE646625282E9F000F654C /* BurgerMenuAnimatedTransitioning.swift */; };
		EBAE646925282F07000F654C /* BurgerMenuModalInteractor.swift in Sources */ = {isa = PBXBuildFile; fileRef = EBAE646825282F07000F654C /* BurgerMenuModalInteractor.swift */; };
		EBAE646B25282F3B000F654C /* ModalInteractor.swift in Sources */ = {isa = PBXBuildFile; fileRef = EBAE646A25282F3B000F654C /* ModalInteractor.swift */; };
		EBB355F82585BEA100AD10F4 /* MarketResultsMode.swift in Sources */ = {isa = PBXBuildFile; fileRef = EBB355F72585BEA100AD10F4 /* MarketResultsMode.swift */; };
		EBB66BB1259A86B20027AEF3 /* DetailedAuctionItemViewModel.swift in Sources */ = {isa = PBXBuildFile; fileRef = EBB66BB0259A86B20027AEF3 /* DetailedAuctionItemViewModel.swift */; };
		EBB677ED2534E4CE00074550 /* PhotoInformationBuilder.swift in Sources */ = {isa = PBXBuildFile; fileRef = EBB677EC2534E4CE00074550 /* PhotoInformationBuilder.swift */; };
		EBBB67C12515A4A400031C30 /* BurgerMenuViewController.swift in Sources */ = {isa = PBXBuildFile; fileRef = EBBB67C02515A4A400031C30 /* BurgerMenuViewController.swift */; };
		EBBB67C32515A4FD00031C30 /* BurgerMenuViewController.storyboard in Resources */ = {isa = PBXBuildFile; fileRef = EBBB67C22515A4FD00031C30 /* BurgerMenuViewController.storyboard */; };
		EBBB67C92515A6EE00031C30 /* BurgerMenuCell.swift in Sources */ = {isa = PBXBuildFile; fileRef = EBBB67C72515A6EE00031C30 /* BurgerMenuCell.swift */; };
		EBBB67CA2515A6EE00031C30 /* BurgerMenuCell.xib in Resources */ = {isa = PBXBuildFile; fileRef = EBBB67C82515A6EE00031C30 /* BurgerMenuCell.xib */; };
		EBC7FC85251691E200102B57 /* BurgerMenuViewModel.swift in Sources */ = {isa = PBXBuildFile; fileRef = EBC7FC84251691E200102B57 /* BurgerMenuViewModel.swift */; };
		EBC7FC872516973600102B57 /* BurgerMenuBuilder.swift in Sources */ = {isa = PBXBuildFile; fileRef = EBC7FC862516973600102B57 /* BurgerMenuBuilder.swift */; };
		EBDBBFA5257D7AAD00F67AA4 /* Product.swift in Sources */ = {isa = PBXBuildFile; fileRef = EBDBBFA4257D7AAD00F67AA4 /* Product.swift */; };
		EBE7DECD25314D270055309C /* CameraViewController.swift in Sources */ = {isa = PBXBuildFile; fileRef = EBE7DECC25314D270055309C /* CameraViewController.swift */; };
		EBE7DECF25314DCE0055309C /* PhotoInformationViewModel.swift in Sources */ = {isa = PBXBuildFile; fileRef = EBE7DECE25314DCE0055309C /* PhotoInformationViewModel.swift */; };
		EBEAF3C5250C250800AA3AAF /* AppDelegate.swift in Sources */ = {isa = PBXBuildFile; fileRef = EBEAF3C4250C250800AA3AAF /* AppDelegate.swift */; };
		EBEAF3C7250C250800AA3AAF /* SceneDelegate.swift in Sources */ = {isa = PBXBuildFile; fileRef = EBEAF3C6250C250800AA3AAF /* SceneDelegate.swift */; };
		EBEAF3CE250C250900AA3AAF /* Assets.xcassets in Resources */ = {isa = PBXBuildFile; fileRef = EBEAF3CD250C250900AA3AAF /* Assets.xcassets */; };
		EBF33361259E5D9B00E92762 /* ConditionInformation.swift in Sources */ = {isa = PBXBuildFile; fileRef = EBF33360259E5D9B00E92762 /* ConditionInformation.swift */; };
		EBF33368259E66DC00E92762 /* OfferInformation.swift in Sources */ = {isa = PBXBuildFile; fileRef = EBF33367259E66DC00E92762 /* OfferInformation.swift */; };
		EBF33370259E735A00E92762 /* DismissableType.swift in Sources */ = {isa = PBXBuildFile; fileRef = EBF3336F259E735A00E92762 /* DismissableType.swift */; };
		EBF33373259E738900E92762 /* DismissableData.swift in Sources */ = {isa = PBXBuildFile; fileRef = EBF33372259E738900E92762 /* DismissableData.swift */; };
		EBF7990F25225DC3000B325C /* LoginMethodsViewController.swift in Sources */ = {isa = PBXBuildFile; fileRef = EBF7990E25225DC3000B325C /* LoginMethodsViewController.swift */; };
		EBF7991125225E36000B325C /* RegisterViewController.swift in Sources */ = {isa = PBXBuildFile; fileRef = EBF7991025225E36000B325C /* RegisterViewController.swift */; };
		EBF799132522BD45000B325C /* ForgotPasswordViewController.swift in Sources */ = {isa = PBXBuildFile; fileRef = EBF799122522BD45000B325C /* ForgotPasswordViewController.swift */; };
/* End PBXBuildFile section */

/* Begin PBXFileReference section */
		EB02435A2521416100EF93B9 /* HomeViewController.storyboard */ = {isa = PBXFileReference; lastKnownFileType = file.storyboard; path = HomeViewController.storyboard; sourceTree = "<group>"; };
		EB15FF6125856E8000E98452 /* MarketReuseableView.xib */ = {isa = PBXFileReference; lastKnownFileType = file.xib; path = MarketReuseableView.xib; sourceTree = "<group>"; };
		EB15FF6325856E9F00E98452 /* MarketReuseableView.swift */ = {isa = PBXFileReference; lastKnownFileType = sourcecode.swift; path = MarketReuseableView.swift; sourceTree = "<group>"; };
		EB22E0E92569C71900453D85 /* ForgotPasswordViewModel.swift */ = {isa = PBXFileReference; lastKnownFileType = sourcecode.swift; path = ForgotPasswordViewModel.swift; sourceTree = "<group>"; };
		EB22E0EC2569C77000453D85 /* ForgotPasswordBuilder.swift */ = {isa = PBXFileReference; lastKnownFileType = sourcecode.swift; path = ForgotPasswordBuilder.swift; sourceTree = "<group>"; };
		EB22E0EE2569D14600453D85 /* Enums.swift */ = {isa = PBXFileReference; lastKnownFileType = sourcecode.swift; path = Enums.swift; sourceTree = "<group>"; };
		EB30EBB2259D12F700D36DE1 /* DismissableViewController.swift */ = {isa = PBXFileReference; lastKnownFileType = sourcecode.swift; path = DismissableViewController.swift; sourceTree = "<group>"; };
		EB30EBB5259D133000D36DE1 /* DismissableViewController.storyboard */ = {isa = PBXFileReference; lastKnownFileType = file.storyboard; path = DismissableViewController.storyboard; sourceTree = "<group>"; };
		EB30EBBA259D5CCF00D36DE1 /* ConditionViewCell.swift */ = {isa = PBXFileReference; lastKnownFileType = sourcecode.swift; path = ConditionViewCell.swift; sourceTree = "<group>"; };
		EB30EBBB259D5CCF00D36DE1 /* ConditionViewCell.xib */ = {isa = PBXFileReference; lastKnownFileType = file.xib; path = ConditionViewCell.xib; sourceTree = "<group>"; };
		EB30EBC0259D6B1600D36DE1 /* DismissableHeaderView.swift */ = {isa = PBXFileReference; lastKnownFileType = sourcecode.swift; path = DismissableHeaderView.swift; sourceTree = "<group>"; };
		EB30EBC3259D6BDD00D36DE1 /* DismissableHeaderView.xib */ = {isa = PBXFileReference; lastKnownFileType = file.xib; path = DismissableHeaderView.xib; sourceTree = "<group>"; };
		EB30EBC6259E29EE00D36DE1 /* DismissableViewModel.swift */ = {isa = PBXFileReference; lastKnownFileType = sourcecode.swift; path = DismissableViewModel.swift; sourceTree = "<group>"; };
		EB30EBC9259E388D00D36DE1 /* OfferViewCell.swift */ = {isa = PBXFileReference; lastKnownFileType = sourcecode.swift; path = OfferViewCell.swift; sourceTree = "<group>"; };
		EB30EBCA259E388D00D36DE1 /* OfferViewCell.xib */ = {isa = PBXFileReference; lastKnownFileType = file.xib; path = OfferViewCell.xib; sourceTree = "<group>"; };
		EB30EBCF259E3DC100D36DE1 /* DetailedAuctionBuilder.swift */ = {isa = PBXFileReference; lastKnownFileType = sourcecode.swift; path = DetailedAuctionBuilder.swift; sourceTree = "<group>"; };
		EB3133652524DCF3008FF586 /* RegisterViewModel.swift */ = {isa = PBXFileReference; lastKnownFileType = sourcecode.swift; path = RegisterViewModel.swift; sourceTree = "<group>"; };
		EB313367252510AD008FF586 /* AlertManager.swift */ = {isa = PBXFileReference; lastKnownFileType = sourcecode.swift; path = AlertManager.swift; sourceTree = "<group>"; };
		EB31336C25252AAF008FF586 /* RegisterBuilder.swift */ = {isa = PBXFileReference; lastKnownFileType = sourcecode.swift; path = RegisterBuilder.swift; sourceTree = "<group>"; };
		EB3F8BF9257ECAAA00FD381D /* MarketResultsViewController.swift */ = {isa = PBXFileReference; lastKnownFileType = sourcecode.swift; path = MarketResultsViewController.swift; sourceTree = "<group>"; };
		EB3F8BFB257ECABA00FD381D /* MarketResultsViewController.storyboard */ = {isa = PBXFileReference; lastKnownFileType = file.storyboard; path = MarketResultsViewController.storyboard; sourceTree = "<group>"; };
		EB3F8BFD257ED1C800FD381D /* MarketResultsViewModel.swift */ = {isa = PBXFileReference; lastKnownFileType = sourcecode.swift; path = MarketResultsViewModel.swift; sourceTree = "<group>"; };
		EB3F8C00257ED90400FD381D /* MarketProductCell.swift */ = {isa = PBXFileReference; lastKnownFileType = sourcecode.swift; path = MarketProductCell.swift; sourceTree = "<group>"; };
		EB3F8C01257ED90400FD381D /* MarketProductCell.xib */ = {isa = PBXFileReference; lastKnownFileType = file.xib; path = MarketProductCell.xib; sourceTree = "<group>"; };
		EB568FC8257D725100FE8B5E /* NetworkService.swift */ = {isa = PBXFileReference; fileEncoding = 4; lastKnownFileType = sourcecode.swift; path = NetworkService.swift; sourceTree = "<group>"; };
		EB568FCB257D72AB00FE8B5E /* NetworkError.swift */ = {isa = PBXFileReference; lastKnownFileType = sourcecode.swift; path = NetworkError.swift; sourceTree = "<group>"; };
		EB56A6C02556422F00A57448 /* Promise.swift */ = {isa = PBXFileReference; lastKnownFileType = sourcecode.swift; path = Promise.swift; sourceTree = "<group>"; };
		EB56A6C22557573B00A57448 /* AccountViewController.swift */ = {isa = PBXFileReference; lastKnownFileType = sourcecode.swift; path = AccountViewController.swift; sourceTree = "<group>"; };
		EB639A732517F3DB00D4903B /* Extensions.swift */ = {isa = PBXFileReference; lastKnownFileType = sourcecode.swift; path = Extensions.swift; sourceTree = "<group>"; };
		EB639A752517F67800D4903B /* DriverInfoViewController.swift */ = {isa = PBXFileReference; lastKnownFileType = sourcecode.swift; path = DriverInfoViewController.swift; sourceTree = "<group>"; };
		EB6BF26A259BD97200CE1614 /* KeyboardLayoutConstraint.swift */ = {isa = PBXFileReference; lastKnownFileType = sourcecode.swift; path = KeyboardLayoutConstraint.swift; sourceTree = "<group>"; };
		EB6CC0E0253B7D5100BBF7D5 /* CameraViewModel.swift */ = {isa = PBXFileReference; lastKnownFileType = sourcecode.swift; path = CameraViewModel.swift; sourceTree = "<group>"; };
		EB6E2B0B253395A3009EBBD7 /* PhotoInformationCell.swift */ = {isa = PBXFileReference; lastKnownFileType = sourcecode.swift; path = PhotoInformationCell.swift; sourceTree = "<group>"; };
		EB6E2B0C253395A3009EBBD7 /* PhotoInformationCell.xib */ = {isa = PBXFileReference; lastKnownFileType = file.xib; path = PhotoInformationCell.xib; sourceTree = "<group>"; };
		EB6E5527250C888700816820 /* RootViewController.swift */ = {isa = PBXFileReference; lastKnownFileType = sourcecode.swift; path = RootViewController.swift; sourceTree = "<group>"; };
		EB6E552B250C8C5B00816820 /* PassiveLoadingViewController.swift */ = {isa = PBXFileReference; lastKnownFileType = sourcecode.swift; path = PassiveLoadingViewController.swift; sourceTree = "<group>"; };
		EB6E5534250C90E800816820 /* LaunchScreen.storyboard */ = {isa = PBXFileReference; lastKnownFileType = file.storyboard; path = LaunchScreen.storyboard; sourceTree = "<group>"; };
		EB7B0880252987310050EE9F /* DriverInfoViewModel.swift */ = {isa = PBXFileReference; lastKnownFileType = sourcecode.swift; path = DriverInfoViewModel.swift; sourceTree = "<group>"; };
		EB7B088625298B690050EE9F /* DriverInfoBuilder.swift */ = {isa = PBXFileReference; lastKnownFileType = sourcecode.swift; path = DriverInfoBuilder.swift; sourceTree = "<group>"; };
		EB7B088825298BDD0050EE9F /* DriverRequirementCell.swift */ = {isa = PBXFileReference; lastKnownFileType = sourcecode.swift; path = DriverRequirementCell.swift; sourceTree = "<group>"; };
		EB7B088925298BDD0050EE9F /* DriverRequirementCell.xib */ = {isa = PBXFileReference; lastKnownFileType = file.xib; path = DriverRequirementCell.xib; sourceTree = "<group>"; };
		EB87F488255E39110052B51D /* NibOwnerLoadable.swift */ = {isa = PBXFileReference; lastKnownFileType = sourcecode.swift; path = NibOwnerLoadable.swift; sourceTree = "<group>"; };
		EB87F48B255F742C0052B51D /* LoginBuilder.swift */ = {isa = PBXFileReference; lastKnownFileType = sourcecode.swift; path = LoginBuilder.swift; sourceTree = "<group>"; };
		EB8B25A7255D9F1C00453506 /* GeneralTextView.xib */ = {isa = PBXFileReference; lastKnownFileType = file.xib; path = GeneralTextView.xib; sourceTree = "<group>"; };
		EB8B25A9255DBC4100453506 /* GeneralTextView.swift */ = {isa = PBXFileReference; lastKnownFileType = sourcecode.swift; path = GeneralTextView.swift; sourceTree = "<group>"; };
		EB8EF44E257B43CB008BCBD8 /* AuctionViewController.swift */ = {isa = PBXFileReference; lastKnownFileType = sourcecode.swift; path = AuctionViewController.swift; sourceTree = "<group>"; };
		EB8EF450257B43DF008BCBD8 /* AuctionViewController.storyboard */ = {isa = PBXFileReference; lastKnownFileType = file.storyboard; path = AuctionViewController.storyboard; sourceTree = "<group>"; };
		EB8EF453257B446A008BCBD8 /* SearchViewController.swift */ = {isa = PBXFileReference; lastKnownFileType = sourcecode.swift; path = SearchViewController.swift; sourceTree = "<group>"; };
		EB8EF455257B447C008BCBD8 /* SearchViewController.storyboard */ = {isa = PBXFileReference; lastKnownFileType = file.storyboard; path = SearchViewController.storyboard; sourceTree = "<group>"; };
		EB9002E0250ED61C00F8B015 /* PhotoInformationViewController.swift */ = {isa = PBXFileReference; lastKnownFileType = sourcecode.swift; path = PhotoInformationViewController.swift; sourceTree = "<group>"; };
		EB918DF925297ABB00EC0254 /* TableView.swift */ = {isa = PBXFileReference; lastKnownFileType = sourcecode.swift; path = TableView.swift; sourceTree = "<group>"; };
		EB9890B6250C9A8B00E35BEF /* RootViewController.storyboard */ = {isa = PBXFileReference; lastKnownFileType = file.storyboard; path = RootViewController.storyboard; sourceTree = "<group>"; };
		EB9890B8250C9C5200E35BEF /* TabBarViewController.swift */ = {isa = PBXFileReference; lastKnownFileType = sourcecode.swift; path = TabBarViewController.swift; sourceTree = "<group>"; };
		EB9890BC250DC15000E35BEF /* AccountViewController.storyboard */ = {isa = PBXFileReference; lastKnownFileType = file.storyboard; path = AccountViewController.storyboard; sourceTree = "<group>"; };
		EB9890BE250DC15B00E35BEF /* DriverInfoViewController.storyboard */ = {isa = PBXFileReference; lastKnownFileType = file.storyboard; path = DriverInfoViewController.storyboard; sourceTree = "<group>"; };
		EB9890C3250DC53100E35BEF /* LoginViewController.swift */ = {isa = PBXFileReference; lastKnownFileType = sourcecode.swift; path = LoginViewController.swift; sourceTree = "<group>"; };
		EB9890C7250DC82F00E35BEF /* Bindable.swift */ = {isa = PBXFileReference; lastKnownFileType = sourcecode.swift; path = Bindable.swift; sourceTree = "<group>"; };
		EB9890C9250DC9B400E35BEF /* LoginViewModel.swift */ = {isa = PBXFileReference; lastKnownFileType = sourcecode.swift; path = LoginViewModel.swift; sourceTree = "<group>"; };
		EB9890CC250DCC4A00E35BEF /* LoginViewController.storyboard */ = {isa = PBXFileReference; lastKnownFileType = file.storyboard; path = LoginViewController.storyboard; sourceTree = "<group>"; };
		EB9F5764257B3CD6006447A9 /* MarketViewController.swift */ = {isa = PBXFileReference; lastKnownFileType = sourcecode.swift; path = MarketViewController.swift; sourceTree = "<group>"; };
		EB9F5766257B3CF5006447A9 /* MarketViewController.storyboard */ = {isa = PBXFileReference; lastKnownFileType = file.storyboard; path = MarketViewController.storyboard; sourceTree = "<group>"; };
		EBA3942A251191190019B273 /* BottomStatusHelperView.swift */ = {isa = PBXFileReference; lastKnownFileType = sourcecode.swift; path = BottomStatusHelperView.swift; sourceTree = "<group>"; };
		EBA3942C251191990019B273 /* BottomStatusHelperView.xib */ = {isa = PBXFileReference; lastKnownFileType = file.xib; path = BottomStatusHelperView.xib; sourceTree = "<group>"; };
		EBAC26B42597CEE800200817 /* AuctionViewModel.swift */ = {isa = PBXFileReference; lastKnownFileType = sourcecode.swift; path = AuctionViewModel.swift; sourceTree = "<group>"; };
		EBAC26B72597D27B00200817 /* AuctionTableViewCell.swift */ = {isa = PBXFileReference; lastKnownFileType = sourcecode.swift; path = AuctionTableViewCell.swift; sourceTree = "<group>"; };
		EBAC26B82597D27B00200817 /* AuctionTableViewCell.xib */ = {isa = PBXFileReference; lastKnownFileType = file.xib; path = AuctionTableViewCell.xib; sourceTree = "<group>"; };
		EBAC26BB2598185100200817 /* AuctionTableHeaderView.swift */ = {isa = PBXFileReference; lastKnownFileType = sourcecode.swift; path = AuctionTableHeaderView.swift; sourceTree = "<group>"; };
		EBAC26BD2598189600200817 /* AuctionTableHeaderView.xib */ = {isa = PBXFileReference; lastKnownFileType = file.xib; path = AuctionTableHeaderView.xib; sourceTree = "<group>"; };
		EBAC26C025982FD600200817 /* DetailedAuctionItemViewController.swift */ = {isa = PBXFileReference; lastKnownFileType = sourcecode.swift; path = DetailedAuctionItemViewController.swift; sourceTree = "<group>"; };
		EBAC26C22598307700200817 /* DetailedAuctionItemViewController.storyboard */ = {isa = PBXFileReference; lastKnownFileType = file.storyboard; path = DetailedAuctionItemViewController.storyboard; sourceTree = "<group>"; };
		EBAC26C42599326F00200817 /* AuctionPictureCollectionController.swift */ = {isa = PBXFileReference; lastKnownFileType = sourcecode.swift; path = AuctionPictureCollectionController.swift; sourceTree = "<group>"; };
		EBAC26C6259942E400200817 /* AuctionPictureViewModel.swift */ = {isa = PBXFileReference; lastKnownFileType = sourcecode.swift; path = AuctionPictureViewModel.swift; sourceTree = "<group>"; };
		EBAC26C9259948F400200817 /* AuctionPicturesCollectionCell.swift */ = {isa = PBXFileReference; lastKnownFileType = sourcecode.swift; path = AuctionPicturesCollectionCell.swift; sourceTree = "<group>"; };
		EBAC26CA259948F400200817 /* AuctionPicturesCollectionCell.xib */ = {isa = PBXFileReference; lastKnownFileType = file.xib; path = AuctionPicturesCollectionCell.xib; sourceTree = "<group>"; };
		EBAE645E25281481000F654C /* HomeViewController.swift */ = {isa = PBXFileReference; lastKnownFileType = sourcecode.swift; path = HomeViewController.swift; sourceTree = "<group>"; };
		EBAE646125281C24000F654C /* StoryboardNavigation.swift */ = {isa = PBXFileReference; lastKnownFileType = sourcecode.swift; path = StoryboardNavigation.swift; sourceTree = "<group>"; };
		EBAE646425282DA7000F654C /* BurgerMenuPresentationController.swift */ = {isa = PBXFileReference; lastKnownFileType = sourcecode.swift; path = BurgerMenuPresentationController.swift; sourceTree = "<group>"; };
		EBAE646625282E9F000F654C /* BurgerMenuAnimatedTransitioning.swift */ = {isa = PBXFileReference; lastKnownFileType = sourcecode.swift; path = BurgerMenuAnimatedTransitioning.swift; sourceTree = "<group>"; };
		EBAE646825282F07000F654C /* BurgerMenuModalInteractor.swift */ = {isa = PBXFileReference; lastKnownFileType = sourcecode.swift; path = BurgerMenuModalInteractor.swift; sourceTree = "<group>"; };
		EBAE646A25282F3B000F654C /* ModalInteractor.swift */ = {isa = PBXFileReference; lastKnownFileType = sourcecode.swift; path = ModalInteractor.swift; sourceTree = "<group>"; };
		EBB355F72585BEA100AD10F4 /* MarketResultsMode.swift */ = {isa = PBXFileReference; lastKnownFileType = sourcecode.swift; path = MarketResultsMode.swift; sourceTree = "<group>"; };
		EBB66BB0259A86B20027AEF3 /* DetailedAuctionItemViewModel.swift */ = {isa = PBXFileReference; lastKnownFileType = sourcecode.swift; path = DetailedAuctionItemViewModel.swift; sourceTree = "<group>"; };
		EBB677EC2534E4CE00074550 /* PhotoInformationBuilder.swift */ = {isa = PBXFileReference; lastKnownFileType = sourcecode.swift; path = PhotoInformationBuilder.swift; sourceTree = "<group>"; };
		EBBB67C02515A4A400031C30 /* BurgerMenuViewController.swift */ = {isa = PBXFileReference; lastKnownFileType = sourcecode.swift; path = BurgerMenuViewController.swift; sourceTree = "<group>"; };
		EBBB67C22515A4FD00031C30 /* BurgerMenuViewController.storyboard */ = {isa = PBXFileReference; lastKnownFileType = file.storyboard; path = BurgerMenuViewController.storyboard; sourceTree = "<group>"; };
		EBBB67C72515A6EE00031C30 /* BurgerMenuCell.swift */ = {isa = PBXFileReference; lastKnownFileType = sourcecode.swift; path = BurgerMenuCell.swift; sourceTree = "<group>"; };
		EBBB67C82515A6EE00031C30 /* BurgerMenuCell.xib */ = {isa = PBXFileReference; lastKnownFileType = file.xib; path = BurgerMenuCell.xib; sourceTree = "<group>"; };
		EBC7FC84251691E200102B57 /* BurgerMenuViewModel.swift */ = {isa = PBXFileReference; lastKnownFileType = sourcecode.swift; path = BurgerMenuViewModel.swift; sourceTree = "<group>"; };
		EBC7FC862516973600102B57 /* BurgerMenuBuilder.swift */ = {isa = PBXFileReference; lastKnownFileType = sourcecode.swift; path = BurgerMenuBuilder.swift; sourceTree = "<group>"; };
		EBDBBFA4257D7AAD00F67AA4 /* Product.swift */ = {isa = PBXFileReference; fileEncoding = 4; lastKnownFileType = sourcecode.swift; path = Product.swift; sourceTree = "<group>"; };
		EBE7DECC25314D270055309C /* CameraViewController.swift */ = {isa = PBXFileReference; lastKnownFileType = sourcecode.swift; path = CameraViewController.swift; sourceTree = "<group>"; };
		EBE7DECE25314DCE0055309C /* PhotoInformationViewModel.swift */ = {isa = PBXFileReference; lastKnownFileType = sourcecode.swift; path = PhotoInformationViewModel.swift; sourceTree = "<group>"; };
		EBEAF3C1250C250800AA3AAF /* BaseProject.app */ = {isa = PBXFileReference; explicitFileType = wrapper.application; includeInIndex = 0; path = BaseProject.app; sourceTree = BUILT_PRODUCTS_DIR; };
		EBEAF3C4250C250800AA3AAF /* AppDelegate.swift */ = {isa = PBXFileReference; lastKnownFileType = sourcecode.swift; path = AppDelegate.swift; sourceTree = "<group>"; };
		EBEAF3C6250C250800AA3AAF /* SceneDelegate.swift */ = {isa = PBXFileReference; lastKnownFileType = sourcecode.swift; path = SceneDelegate.swift; sourceTree = "<group>"; };
		EBEAF3CD250C250900AA3AAF /* Assets.xcassets */ = {isa = PBXFileReference; lastKnownFileType = folder.assetcatalog; path = Assets.xcassets; sourceTree = "<group>"; };
		EBEAF3D2250C250900AA3AAF /* Info.plist */ = {isa = PBXFileReference; lastKnownFileType = text.plist.xml; path = Info.plist; sourceTree = "<group>"; };
		EBF33360259E5D9B00E92762 /* ConditionInformation.swift */ = {isa = PBXFileReference; lastKnownFileType = sourcecode.swift; path = ConditionInformation.swift; sourceTree = "<group>"; };
		EBF33367259E66DC00E92762 /* OfferInformation.swift */ = {isa = PBXFileReference; lastKnownFileType = sourcecode.swift; path = OfferInformation.swift; sourceTree = "<group>"; };
		EBF3336F259E735A00E92762 /* DismissableType.swift */ = {isa = PBXFileReference; lastKnownFileType = sourcecode.swift; path = DismissableType.swift; sourceTree = "<group>"; };
		EBF33372259E738900E92762 /* DismissableData.swift */ = {isa = PBXFileReference; lastKnownFileType = sourcecode.swift; path = DismissableData.swift; sourceTree = "<group>"; };
		EBF7990E25225DC3000B325C /* LoginMethodsViewController.swift */ = {isa = PBXFileReference; lastKnownFileType = sourcecode.swift; path = LoginMethodsViewController.swift; sourceTree = "<group>"; };
		EBF7991025225E36000B325C /* RegisterViewController.swift */ = {isa = PBXFileReference; lastKnownFileType = sourcecode.swift; path = RegisterViewController.swift; sourceTree = "<group>"; };
		EBF799122522BD45000B325C /* ForgotPasswordViewController.swift */ = {isa = PBXFileReference; lastKnownFileType = sourcecode.swift; path = ForgotPasswordViewController.swift; sourceTree = "<group>"; };
/* End PBXFileReference section */

/* Begin PBXFrameworksBuildPhase section */
		EBEAF3BE250C250800AA3AAF /* Frameworks */ = {
			isa = PBXFrameworksBuildPhase;
			buildActionMask = 2147483647;
			files = (
			);
			runOnlyForDeploymentPostprocessing = 0;
		};
/* End PBXFrameworksBuildPhase section */

/* Begin PBXGroup section */
		EB22E0EB2569C75E00453D85 /* Builder */ = {
			isa = PBXGroup;
			children = (
				EB22E0EC2569C77000453D85 /* ForgotPasswordBuilder.swift */,
			);
			path = Builder;
			sourceTree = "<group>";
		};
		EB30EBB9259D5C9300D36DE1 /* Cells */ = {
			isa = PBXGroup;
			children = (
				EBAC26C9259948F400200817 /* AuctionPicturesCollectionCell.swift */,
				EBAC26CA259948F400200817 /* AuctionPicturesCollectionCell.xib */,
				EB30EBBA259D5CCF00D36DE1 /* ConditionViewCell.swift */,
				EB30EBBB259D5CCF00D36DE1 /* ConditionViewCell.xib */,
				EB30EBC9259E388D00D36DE1 /* OfferViewCell.swift */,
				EB30EBCA259E388D00D36DE1 /* OfferViewCell.xib */,
			);
			path = Cells;
			sourceTree = "<group>";
		};
		EB30EBCE259E3D8800D36DE1 /* Builder */ = {
			isa = PBXGroup;
			children = (
				EB30EBCF259E3DC100D36DE1 /* DetailedAuctionBuilder.swift */,
			);
			path = Builder;
			sourceTree = "<group>";
		};
		EB313369252529EA008FF586 /* Register */ = {
			isa = PBXGroup;
			children = (
				EBF7991025225E36000B325C /* RegisterViewController.swift */,
				EB3133652524DCF3008FF586 /* RegisterViewModel.swift */,
				EB31336B25252A9B008FF586 /* Builer */,
			);
			path = Register;
			sourceTree = "<group>";
		};
		EB31336A252529FB008FF586 /* Forgot Password */ = {
			isa = PBXGroup;
			children = (
				EBF799122522BD45000B325C /* ForgotPasswordViewController.swift */,
				EB22E0E92569C71900453D85 /* ForgotPasswordViewModel.swift */,
				EB22E0EB2569C75E00453D85 /* Builder */,
			);
			path = "Forgot Password";
			sourceTree = "<group>";
		};
		EB31336B25252A9B008FF586 /* Builer */ = {
			isa = PBXGroup;
			children = (
				EB31336C25252AAF008FF586 /* RegisterBuilder.swift */,
			);
			path = Builer;
			sourceTree = "<group>";
		};
		EB3F8BFF257ED8C000FD381D /* Cells */ = {
			isa = PBXGroup;
			children = (
				EB15FF6325856E9F00E98452 /* MarketReuseableView.swift */,
				EB15FF6125856E8000E98452 /* MarketReuseableView.xib */,
				EB3F8C00257ED90400FD381D /* MarketProductCell.swift */,
				EB3F8C01257ED90400FD381D /* MarketProductCell.xib */,
			);
			path = Cells;
			sourceTree = "<group>";
		};
		EB568FC6257D68A200FE8B5E /* Service */ = {
			isa = PBXGroup;
			children = (
				EB568FCA257D728900FE8B5E /* NetworkService */,
			);
			path = Service;
			sourceTree = "<group>";
		};
		EB568FCA257D728900FE8B5E /* NetworkService */ = {
			isa = PBXGroup;
			children = (
				EB568FC8257D725100FE8B5E /* NetworkService.swift */,
				EB568FCB257D72AB00FE8B5E /* NetworkError.swift */,
			);
			path = NetworkService;
			sourceTree = "<group>";
		};
		EB6BF26C259BDF9A00CE1614 /* BiddingFlow */ = {
			isa = PBXGroup;
			children = (
				EBAC26C42599326F00200817 /* AuctionPictureCollectionController.swift */,
				EBAC26C6259942E400200817 /* AuctionPictureViewModel.swift */,
				EB30EBB9259D5C9300D36DE1 /* Cells */,
			);
			path = BiddingFlow;
			sourceTree = "<group>";
		};
		EB6E2B08253394A4009EBBD7 /* CameraSession */ = {
			isa = PBXGroup;
			children = (
				EBE7DECC25314D270055309C /* CameraViewController.swift */,
				EB6CC0E0253B7D5100BBF7D5 /* CameraViewModel.swift */,
			);
			path = CameraSession;
			sourceTree = "<group>";
		};
		EB6E2B09253394E1009EBBD7 /* Builder */ = {
			isa = PBXGroup;
			children = (
				EBB677EC2534E4CE00074550 /* PhotoInformationBuilder.swift */,
			);
			path = Builder;
			sourceTree = "<group>";
		};
		EB6E2B0A253394EB009EBBD7 /* Cell */ = {
			isa = PBXGroup;
			children = (
				EB6E2B0B253395A3009EBBD7 /* PhotoInformationCell.swift */,
				EB6E2B0C253395A3009EBBD7 /* PhotoInformationCell.xib */,
			);
			path = Cell;
			sourceTree = "<group>";
		};
		EB6E5529250C8B7900816820 /* Flow */ = {
			isa = PBXGroup;
			children = (
				EB9890BA250DC11500E35BEF /* Account */,
				EBBB67BF2515A46F00031C30 /* Burger Menu */,
				EB9890C0250DC4F500E35BEF /* Login */,
				EB918DFB25297BB900EC0254 /* Driver Onboarding */,
				EB6E2B08253394A4009EBBD7 /* CameraSession */,
				EBAE645D25281444000F654C /* Home */,
				EB9F5763257B3CB6006447A9 /* MarketPlace */,
				EB8EF44D257B439B008BCBD8 /* Auction */,
				EBF3336C259E72EB00E92762 /* DismissableView */,
				EB8EF452257B4429008BCBD8 /* Search */,
				EB6E5533250C90C000816820 /* Launch */,
				EB6E552A250C8B9000816820 /* Tabbar */,
			);
			path = Flow;
			sourceTree = "<group>";
		};
		EB6E552A250C8B9000816820 /* Tabbar */ = {
			isa = PBXGroup;
			children = (
				EB6E552B250C8C5B00816820 /* PassiveLoadingViewController.swift */,
				EB6E5527250C888700816820 /* RootViewController.swift */,
				EB9890B8250C9C5200E35BEF /* TabBarViewController.swift */,
				EB9890B6250C9A8B00E35BEF /* RootViewController.storyboard */,
			);
			path = Tabbar;
			sourceTree = "<group>";
		};
		EB6E5533250C90C000816820 /* Launch */ = {
			isa = PBXGroup;
			children = (
				EB6E5534250C90E800816820 /* LaunchScreen.storyboard */,
			);
			path = Launch;
			sourceTree = "<group>";
		};
		EB7B0882252989BE0050EE9F /* PhotoVerification */ = {
			isa = PBXGroup;
			children = (
				EB9002E0250ED61C00F8B015 /* PhotoInformationViewController.swift */,
				EBE7DECE25314DCE0055309C /* PhotoInformationViewModel.swift */,
				EB6E2B0A253394EB009EBBD7 /* Cell */,
				EB6E2B09253394E1009EBBD7 /* Builder */,
			);
			path = PhotoVerification;
			sourceTree = "<group>";
		};
		EB7B0883252989E80050EE9F /* Builder */ = {
			isa = PBXGroup;
			children = (
				EB7B088625298B690050EE9F /* DriverInfoBuilder.swift */,
			);
			path = Builder;
			sourceTree = "<group>";
		};
		EB7B0884252989EF0050EE9F /* Cell */ = {
			isa = PBXGroup;
			children = (
				EB7B088825298BDD0050EE9F /* DriverRequirementCell.swift */,
				EB7B088925298BDD0050EE9F /* DriverRequirementCell.xib */,
			);
			path = Cell;
			sourceTree = "<group>";
		};
		EB7B088525298A4C0050EE9F /* DriverInfo */ = {
			isa = PBXGroup;
			children = (
				EB639A752517F67800D4903B /* DriverInfoViewController.swift */,
				EB7B0880252987310050EE9F /* DriverInfoViewModel.swift */,
				EB7B0883252989E80050EE9F /* Builder */,
				EB7B0884252989EF0050EE9F /* Cell */,
			);
			path = DriverInfo;
			sourceTree = "<group>";
		};
		EB87F487255E38EE0052B51D /* NIbOwnerLoadable */ = {
			isa = PBXGroup;
			children = (
				EB87F488255E39110052B51D /* NibOwnerLoadable.swift */,
			);
			path = NIbOwnerLoadable;
			sourceTree = "<group>";
		};
		EB87F48A255F73F50052B51D /* Builder */ = {
			isa = PBXGroup;
			children = (
				EB87F48B255F742C0052B51D /* LoginBuilder.swift */,
			);
			path = Builder;
			sourceTree = "<group>";
		};
		EB8EF44D257B439B008BCBD8 /* Auction */ = {
			isa = PBXGroup;
			children = (
				EB8EF44E257B43CB008BCBD8 /* AuctionViewController.swift */,
				EBAC26B42597CEE800200817 /* AuctionViewModel.swift */,
				EB8EF450257B43DF008BCBD8 /* AuctionViewController.storyboard */,
				EBAC26BF25982F9F00200817 /* DetailedAuctionItem */,
				EBAC26C22598307700200817 /* DetailedAuctionItemViewController.storyboard */,
				EBAC26B62597D23200200817 /* Cells */,
			);
			path = Auction;
			sourceTree = "<group>";
		};
		EB8EF452257B4429008BCBD8 /* Search */ = {
			isa = PBXGroup;
			children = (
				EB8EF453257B446A008BCBD8 /* SearchViewController.swift */,
				EB8EF455257B447C008BCBD8 /* SearchViewController.storyboard */,
			);
			path = Search;
			sourceTree = "<group>";
		};
		EB918DF82529719000EC0254 /* TableView */ = {
			isa = PBXGroup;
			children = (
				EB918DF925297ABB00EC0254 /* TableView.swift */,
			);
			path = TableView;
			sourceTree = "<group>";
		};
		EB918DFB25297BB900EC0254 /* Driver Onboarding */ = {
			isa = PBXGroup;
			children = (
				EB7B088525298A4C0050EE9F /* DriverInfo */,
				EB7B0882252989BE0050EE9F /* PhotoVerification */,
				EB9890BE250DC15B00E35BEF /* DriverInfoViewController.storyboard */,
			);
			path = "Driver Onboarding";
			sourceTree = "<group>";
		};
		EB9890BA250DC11500E35BEF /* Account */ = {
			isa = PBXGroup;
			children = (
				EB9890BC250DC15000E35BEF /* AccountViewController.storyboard */,
				EB56A6C22557573B00A57448 /* AccountViewController.swift */,
			);
			path = Account;
			sourceTree = "<group>";
		};
		EB9890C0250DC4F500E35BEF /* Login */ = {
			isa = PBXGroup;
			children = (
				EBF7990E25225DC3000B325C /* LoginMethodsViewController.swift */,
				EB9890C3250DC53100E35BEF /* LoginViewController.swift */,
				EB9890C9250DC9B400E35BEF /* LoginViewModel.swift */,
				EB87F48A255F73F50052B51D /* Builder */,
				EB313369252529EA008FF586 /* Register */,
				EB31336A252529FB008FF586 /* Forgot Password */,
				EB9890CC250DCC4A00E35BEF /* LoginViewController.storyboard */,
			);
			path = Login;
			sourceTree = "<group>";
		};
		EB9890C6250DC7E900E35BEF /* Helpers */ = {
			isa = PBXGroup;
			children = (
				EB918DF82529719000EC0254 /* TableView */,
				EBAE646025281BEA000F654C /* StoryboardNavigation */,
				EBA39429251190CE0019B273 /* Views */,
				EB9890C7250DC82F00E35BEF /* Bindable.swift */,
				EB639A732517F3DB00D4903B /* Extensions.swift */,
				EB313367252510AD008FF586 /* AlertManager.swift */,
				EB56A6C02556422F00A57448 /* Promise.swift */,
				EB22E0EE2569D14600453D85 /* Enums.swift */,
			);
			path = Helpers;
			sourceTree = "<group>";
		};
		EB9F5763257B3CB6006447A9 /* MarketPlace */ = {
			isa = PBXGroup;
			children = (
				EB9F5764257B3CD6006447A9 /* MarketViewController.swift */,
				EB9F5766257B3CF5006447A9 /* MarketViewController.storyboard */,
				EBA2DCD0257C46FC0093A505 /* MarketResults */,
			);
			path = MarketPlace;
			sourceTree = "<group>";
		};
		EBA2DCD0257C46FC0093A505 /* MarketResults */ = {
			isa = PBXGroup;
			children = (
				EB3F8BF9257ECAAA00FD381D /* MarketResultsViewController.swift */,
				EB3F8BFD257ED1C800FD381D /* MarketResultsViewModel.swift */,
				EB3F8BFB257ECABA00FD381D /* MarketResultsViewController.storyboard */,
				EBB355F72585BEA100AD10F4 /* MarketResultsMode.swift */,
				EB3F8BFF257ED8C000FD381D /* Cells */,
			);
			path = MarketResults;
			sourceTree = "<group>";
		};
		EBA39429251190CE0019B273 /* Views */ = {
			isa = PBXGroup;
			children = (
				EB87F487255E38EE0052B51D /* NIbOwnerLoadable */,
				EBA3942A251191190019B273 /* BottomStatusHelperView.swift */,
				EBA3942C251191990019B273 /* BottomStatusHelperView.xib */,
				EB8B25A9255DBC4100453506 /* GeneralTextView.swift */,
				EB8B25A7255D9F1C00453506 /* GeneralTextView.xib */,
			);
			path = Views;
			sourceTree = "<group>";
		};
		EBAC26B62597D23200200817 /* Cells */ = {
			isa = PBXGroup;
			children = (
				EBAC26B72597D27B00200817 /* AuctionTableViewCell.swift */,
				EBAC26B82597D27B00200817 /* AuctionTableViewCell.xib */,
				EBAC26BB2598185100200817 /* AuctionTableHeaderView.swift */,
				EBAC26BD2598189600200817 /* AuctionTableHeaderView.xib */,
			);
			path = Cells;
			sourceTree = "<group>";
		};
		EBAC26BF25982F9F00200817 /* DetailedAuctionItem */ = {
			isa = PBXGroup;
			children = (
				EBAC26C025982FD600200817 /* DetailedAuctionItemViewController.swift */,
				EBB66BB0259A86B20027AEF3 /* DetailedAuctionItemViewModel.swift */,
				EB30EBCE259E3D8800D36DE1 /* Builder */,
				EB6BF26C259BDF9A00CE1614 /* BiddingFlow */,
			);
			path = DetailedAuctionItem;
			sourceTree = "<group>";
		};
		EBAE645D25281444000F654C /* Home */ = {
			isa = PBXGroup;
			children = (
				EBAE645E25281481000F654C /* HomeViewController.swift */,
				EB02435A2521416100EF93B9 /* HomeViewController.storyboard */,
			);
			path = Home;
			sourceTree = "<group>";
		};
		EBAE646025281BEA000F654C /* StoryboardNavigation */ = {
			isa = PBXGroup;
			children = (
				EBAE646125281C24000F654C /* StoryboardNavigation.swift */,
			);
			path = StoryboardNavigation;
			sourceTree = "<group>";
		};
		EBAE646325282D7D000F654C /* PresentationController */ = {
			isa = PBXGroup;
			children = (
				EBAE646425282DA7000F654C /* BurgerMenuPresentationController.swift */,
				EBAE646625282E9F000F654C /* BurgerMenuAnimatedTransitioning.swift */,
				EBAE646825282F07000F654C /* BurgerMenuModalInteractor.swift */,
				EBAE646A25282F3B000F654C /* ModalInteractor.swift */,
			);
			path = PresentationController;
			sourceTree = "<group>";
		};
		EBBB67BF2515A46F00031C30 /* Burger Menu */ = {
			isa = PBXGroup;
			children = (
				EBAE646325282D7D000F654C /* PresentationController */,
				EBBB67C02515A4A400031C30 /* BurgerMenuViewController.swift */,
				EBC7FC84251691E200102B57 /* BurgerMenuViewModel.swift */,
				EBC7FC882516B34200102B57 /* Builder */,
				EBBB67C22515A4FD00031C30 /* BurgerMenuViewController.storyboard */,
				EBBB67C42515A66800031C30 /* Cell */,
			);
			path = "Burger Menu";
			sourceTree = "<group>";
		};
		EBBB67C42515A66800031C30 /* Cell */ = {
			isa = PBXGroup;
			children = (
				EBBB67C72515A6EE00031C30 /* BurgerMenuCell.swift */,
				EBBB67C82515A6EE00031C30 /* BurgerMenuCell.xib */,
			);
			path = Cell;
			sourceTree = "<group>";
		};
		EBC7FC882516B34200102B57 /* Builder */ = {
			isa = PBXGroup;
			children = (
				EBC7FC862516973600102B57 /* BurgerMenuBuilder.swift */,
			);
			path = Builder;
			sourceTree = "<group>";
		};
		EBDBBFA3257D7A9100F67AA4 /* Models */ = {
			isa = PBXGroup;
			children = (
				EBDBBFA4257D7AAD00F67AA4 /* Product.swift */,
				EBF33360259E5D9B00E92762 /* ConditionInformation.swift */,
				EBF33367259E66DC00E92762 /* OfferInformation.swift */,
			);
			path = Models;
			sourceTree = "<group>";
		};
		EBEAF3B8250C250800AA3AAF = {
			isa = PBXGroup;
			children = (
				EBEAF3C3250C250800AA3AAF /* BaseProject */,
				EBEAF3C2250C250800AA3AAF /* Products */,
			);
			sourceTree = "<group>";
		};
		EBEAF3C2250C250800AA3AAF /* Products */ = {
			isa = PBXGroup;
			children = (
				EBEAF3C1250C250800AA3AAF /* BaseProject.app */,
			);
			name = Products;
			sourceTree = "<group>";
		};
		EBEAF3C3250C250800AA3AAF /* BaseProject */ = {
			isa = PBXGroup;
			children = (
				EB6E5529250C8B7900816820 /* Flow */,
				EB568FC6257D68A200FE8B5E /* Service */,
				EBDBBFA3257D7A9100F67AA4 /* Models */,
				EB9890C6250DC7E900E35BEF /* Helpers */,
				EBEAF3C4250C250800AA3AAF /* AppDelegate.swift */,
				EBEAF3C6250C250800AA3AAF /* SceneDelegate.swift */,
				EB6BF26A259BD97200CE1614 /* KeyboardLayoutConstraint.swift */,
				EBEAF3CD250C250900AA3AAF /* Assets.xcassets */,
				EBEAF3D2250C250900AA3AAF /* Info.plist */,
			);
			path = BaseProject;
			sourceTree = "<group>";
		};
		EBF3336C259E72EB00E92762 /* DismissableView */ = {
			isa = PBXGroup;
			children = (
				EB30EBB2259D12F700D36DE1 /* DismissableViewController.swift */,
				EB30EBC6259E29EE00D36DE1 /* DismissableViewModel.swift */,
				EB30EBB5259D133000D36DE1 /* DismissableViewController.storyboard */,
				EBF33372259E738900E92762 /* DismissableData.swift */,
				EBF3336F259E735A00E92762 /* DismissableType.swift */,
				EBF3336D259E731600E92762 /* Cell */,
			);
			path = DismissableView;
			sourceTree = "<group>";
		};
		EBF3336D259E731600E92762 /* Cell */ = {
			isa = PBXGroup;
			children = (
				EB30EBC0259D6B1600D36DE1 /* DismissableHeaderView.swift */,
				EB30EBC3259D6BDD00D36DE1 /* DismissableHeaderView.xib */,
			);
			path = Cell;
			sourceTree = "<group>";
		};
/* End PBXGroup section */

/* Begin PBXNativeTarget section */
		EBEAF3C0250C250800AA3AAF /* BaseProject */ = {
			isa = PBXNativeTarget;
			buildConfigurationList = EBEAF3E0250C250900AA3AAF /* Build configuration list for PBXNativeTarget "BaseProject" */;
			buildPhases = (
				EBEAF3BD250C250800AA3AAF /* Sources */,
				EBEAF3BE250C250800AA3AAF /* Frameworks */,
				EBEAF3BF250C250800AA3AAF /* Resources */,
			);
			buildRules = (
			);
			dependencies = (
			);
			name = BaseProject;
			productName = Ayno;
			productReference = EBEAF3C1250C250800AA3AAF /* BaseProject.app */;
			productType = "com.apple.product-type.application";
		};
/* End PBXNativeTarget section */

/* Begin PBXProject section */
		EBEAF3B9250C250800AA3AAF /* Project object */ = {
			isa = PBXProject;
			attributes = {
				LastSwiftUpdateCheck = 1120;
				LastUpgradeCheck = 1120;
				ORGANIZATIONNAME = BaseProject;
				TargetAttributes = {
					EBEAF3C0250C250800AA3AAF = {
						CreatedOnToolsVersion = 11.2.1;
					};
				};
			};
			buildConfigurationList = EBEAF3BC250C250800AA3AAF /* Build configuration list for PBXProject "BaseProject" */;
			compatibilityVersion = "Xcode 9.3";
			developmentRegion = en;
			hasScannedForEncodings = 0;
			knownRegions = (
				en,
				Base,
			);
			mainGroup = EBEAF3B8250C250800AA3AAF;
			productRefGroup = EBEAF3C2250C250800AA3AAF /* Products */;
			projectDirPath = "";
			projectRoot = "";
			targets = (
				EBEAF3C0250C250800AA3AAF /* BaseProject */,
			);
		};
/* End PBXProject section */

/* Begin PBXResourcesBuildPhase section */
		EBEAF3BF250C250800AA3AAF /* Resources */ = {
			isa = PBXResourcesBuildPhase;
			buildActionMask = 2147483647;
			files = (
				EBAC26BE2598189600200817 /* AuctionTableHeaderView.xib in Resources */,
				EB15FF6225856E8000E98452 /* MarketReuseableView.xib in Resources */,
				EBAC26CC259948F400200817 /* AuctionPicturesCollectionCell.xib in Resources */,
				EBA3942D251191990019B273 /* BottomStatusHelperView.xib in Resources */,
				EB02435B2521416100EF93B9 /* HomeViewController.storyboard in Resources */,
				EB8EF451257B43DF008BCBD8 /* AuctionViewController.storyboard in Resources */,
				EBBB67CA2515A6EE00031C30 /* BurgerMenuCell.xib in Resources */,
				EB9F5767257B3CF5006447A9 /* MarketViewController.storyboard in Resources */,
				EBBB67C32515A4FD00031C30 /* BurgerMenuViewController.storyboard in Resources */,
				EBEAF3CE250C250900AA3AAF /* Assets.xcassets in Resources */,
				EB30EBCC259E388D00D36DE1 /* OfferViewCell.xib in Resources */,
				EB3F8C03257ED90400FD381D /* MarketProductCell.xib in Resources */,
				EB8B25A8255D9F1C00453506 /* GeneralTextView.xib in Resources */,
				EB6E2B0E253395A3009EBBD7 /* PhotoInformationCell.xib in Resources */,
				EB30EBC4259D6BDD00D36DE1 /* DismissableHeaderView.xib in Resources */,
				EB9890CD250DCC4A00E35BEF /* LoginViewController.storyboard in Resources */,
				EB9890BD250DC15000E35BEF /* AccountViewController.storyboard in Resources */,
				EB30EBBD259D5CCF00D36DE1 /* ConditionViewCell.xib in Resources */,
				EB8EF456257B447C008BCBD8 /* SearchViewController.storyboard in Resources */,
				EB9890BF250DC15B00E35BEF /* DriverInfoViewController.storyboard in Resources */,
				EBAC26C32598307700200817 /* DetailedAuctionItemViewController.storyboard in Resources */,
				EBAC26BA2597D27B00200817 /* AuctionTableViewCell.xib in Resources */,
				EB6E5535250C90E800816820 /* LaunchScreen.storyboard in Resources */,
				EB9890B7250C9A8B00E35BEF /* RootViewController.storyboard in Resources */,
				EB7B088B25298BDD0050EE9F /* DriverRequirementCell.xib in Resources */,
				EB30EBB6259D133000D36DE1 /* DismissableViewController.storyboard in Resources */,
				EB3F8BFC257ECABA00FD381D /* MarketResultsViewController.storyboard in Resources */,
			);
			runOnlyForDeploymentPostprocessing = 0;
		};
/* End PBXResourcesBuildPhase section */

/* Begin PBXSourcesBuildPhase section */
		EBEAF3BD250C250800AA3AAF /* Sources */ = {
			isa = PBXSourcesBuildPhase;
			buildActionMask = 2147483647;
			files = (
				EB6CC0E1253B7D5100BBF7D5 /* CameraViewModel.swift in Sources */,
				EBF7990F25225DC3000B325C /* LoginMethodsViewController.swift in Sources */,
				EBA3942B251191190019B273 /* BottomStatusHelperView.swift in Sources */,
				EBF33373259E738900E92762 /* DismissableData.swift in Sources */,
				EB6E552D250C8C5B00816820 /* PassiveLoadingViewController.swift in Sources */,
				EB8B25AA255DBC4100453506 /* GeneralTextView.swift in Sources */,
				EB30EBC1259D6B1600D36DE1 /* DismissableHeaderView.swift in Sources */,
				EBC7FC872516973600102B57 /* BurgerMenuBuilder.swift in Sources */,
				EBF7991125225E36000B325C /* RegisterViewController.swift in Sources */,
				EB22E0EF2569D14600453D85 /* Enums.swift in Sources */,
				EBB677ED2534E4CE00074550 /* PhotoInformationBuilder.swift in Sources */,
				EB56A6C12556422F00A57448 /* Promise.swift in Sources */,
				EBAC26CB259948F400200817 /* AuctionPicturesCollectionCell.swift in Sources */,
				EBC7FC85251691E200102B57 /* BurgerMenuViewModel.swift in Sources */,
				EB30EBC7259E29EE00D36DE1 /* DismissableViewModel.swift in Sources */,
				EB313368252510AD008FF586 /* AlertManager.swift in Sources */,
				EBAC26BC2598185100200817 /* AuctionTableHeaderView.swift in Sources */,
				EBAC26C7259942E400200817 /* AuctionPictureViewModel.swift in Sources */,
				EBDBBFA5257D7AAD00F67AA4 /* Product.swift in Sources */,
				EB9F5765257B3CD6006447A9 /* MarketViewController.swift in Sources */,
				EB568FC9257D725100FE8B5E /* NetworkService.swift in Sources */,
				EBAC26B92597D27B00200817 /* AuctionTableViewCell.swift in Sources */,
				EB6E2B0D253395A3009EBBD7 /* PhotoInformationCell.swift in Sources */,
				EB8EF44F257B43CB008BCBD8 /* AuctionViewController.swift in Sources */,
				EBAE646225281C24000F654C /* StoryboardNavigation.swift in Sources */,
				EB9890C8250DC82F00E35BEF /* Bindable.swift in Sources */,
				EB3F8BFA257ECAAA00FD381D /* MarketResultsViewController.swift in Sources */,
				EB15FF6425856E9F00E98452 /* MarketReuseableView.swift in Sources */,
				EBEAF3C5250C250800AA3AAF /* AppDelegate.swift in Sources */,
				EB568FCC257D72AB00FE8B5E /* NetworkError.swift in Sources */,
				EBE7DECF25314DCE0055309C /* PhotoInformationViewModel.swift in Sources */,
				EB6E5528250C888700816820 /* RootViewController.swift in Sources */,
				EBAE645F25281481000F654C /* HomeViewController.swift in Sources */,
				EB7B088725298B690050EE9F /* DriverInfoBuilder.swift in Sources */,
				EBF33368259E66DC00E92762 /* OfferInformation.swift in Sources */,
				EB30EBB3259D12F700D36DE1 /* DismissableViewController.swift in Sources */,
				EB918DFA25297ABB00EC0254 /* TableView.swift in Sources */,
				EBB355F82585BEA100AD10F4 /* MarketResultsMode.swift in Sources */,
				EBAC26C125982FD600200817 /* DetailedAuctionItemViewController.swift in Sources */,
				EBBB67C12515A4A400031C30 /* BurgerMenuViewController.swift in Sources */,
				EB6BF26B259BD97200CE1614 /* KeyboardLayoutConstraint.swift in Sources */,
				EBB66BB1259A86B20027AEF3 /* DetailedAuctionItemViewModel.swift in Sources */,
				EB9890C4250DC53100E35BEF /* LoginViewController.swift in Sources */,
				EBE7DECD25314D270055309C /* CameraViewController.swift in Sources */,
				EBBB67C92515A6EE00031C30 /* BurgerMenuCell.swift in Sources */,
				EBAC26B52597CEE800200817 /* AuctionViewModel.swift in Sources */,
				EB87F48C255F742C0052B51D /* LoginBuilder.swift in Sources */,
				EB22E0ED2569C77000453D85 /* ForgotPasswordBuilder.swift in Sources */,
				EB9890B9250C9C5200E35BEF /* TabBarViewController.swift in Sources */,
				EB87F489255E39110052B51D /* NibOwnerLoadable.swift in Sources */,
				EB7B0881252987310050EE9F /* DriverInfoViewModel.swift in Sources */,
				EB639A742517F3DB00D4903B /* Extensions.swift in Sources */,
				EB30EBBC259D5CCF00D36DE1 /* ConditionViewCell.swift in Sources */,
				EB9890CA250DC9B400E35BEF /* LoginViewModel.swift in Sources */,
				EBAE646B25282F3B000F654C /* ModalInteractor.swift in Sources */,
				EB30EBD0259E3DC100D36DE1 /* DetailedAuctionBuilder.swift in Sources */,
				EBAE646725282E9F000F654C /* BurgerMenuAnimatedTransitioning.swift in Sources */,
				EB7B088A25298BDD0050EE9F /* DriverRequirementCell.swift in Sources */,
				EB3133662524DCF3008FF586 /* RegisterViewModel.swift in Sources */,
				EBEAF3C7250C250800AA3AAF /* SceneDelegate.swift in Sources */,
				EB3F8BFE257ED1C800FD381D /* MarketResultsViewModel.swift in Sources */,
				EBF33370259E735A00E92762 /* DismissableType.swift in Sources */,
				EBF33361259E5D9B00E92762 /* ConditionInformation.swift in Sources */,
				EBAE646525282DA7000F654C /* BurgerMenuPresentationController.swift in Sources */,
				EBF799132522BD45000B325C /* ForgotPasswordViewController.swift in Sources */,
				EB30EBCB259E388D00D36DE1 /* OfferViewCell.swift in Sources */,
				EBAE646925282F07000F654C /* BurgerMenuModalInteractor.swift in Sources */,
				EB8EF454257B446A008BCBD8 /* SearchViewController.swift in Sources */,
				EB639A762517F67800D4903B /* DriverInfoViewController.swift in Sources */,
				EB3F8C02257ED90400FD381D /* MarketProductCell.swift in Sources */,
				EB56A6C32557573B00A57448 /* AccountViewController.swift in Sources */,
				EB22E0EA2569C71900453D85 /* ForgotPasswordViewModel.swift in Sources */,
				EBAC26C52599326F00200817 /* AuctionPictureCollectionController.swift in Sources */,
				EB31336D25252AAF008FF586 /* RegisterBuilder.swift in Sources */,
				EB9002E1250ED61C00F8B015 /* PhotoInformationViewController.swift in Sources */,
			);
			runOnlyForDeploymentPostprocessing = 0;
		};
/* End PBXSourcesBuildPhase section */

/* Begin XCBuildConfiguration section */
		EBEAF3DE250C250900AA3AAF /* Debug */ = {
			isa = XCBuildConfiguration;
			buildSettings = {
				ALWAYS_SEARCH_USER_PATHS = NO;
				CLANG_ANALYZER_NONNULL = YES;
				CLANG_ANALYZER_NUMBER_OBJECT_CONVERSION = YES_AGGRESSIVE;
				CLANG_CXX_LANGUAGE_STANDARD = "gnu++14";
				CLANG_CXX_LIBRARY = "libc++";
				CLANG_ENABLE_MODULES = YES;
				CLANG_ENABLE_OBJC_ARC = YES;
				CLANG_ENABLE_OBJC_WEAK = YES;
				CLANG_WARN_BLOCK_CAPTURE_AUTORELEASING = YES;
				CLANG_WARN_BOOL_CONVERSION = YES;
				CLANG_WARN_COMMA = YES;
				CLANG_WARN_CONSTANT_CONVERSION = YES;
				CLANG_WARN_DEPRECATED_OBJC_IMPLEMENTATIONS = YES;
				CLANG_WARN_DIRECT_OBJC_ISA_USAGE = YES_ERROR;
				CLANG_WARN_DOCUMENTATION_COMMENTS = YES;
				CLANG_WARN_EMPTY_BODY = YES;
				CLANG_WARN_ENUM_CONVERSION = YES;
				CLANG_WARN_INFINITE_RECURSION = YES;
				CLANG_WARN_INT_CONVERSION = YES;
				CLANG_WARN_NON_LITERAL_NULL_CONVERSION = YES;
				CLANG_WARN_OBJC_IMPLICIT_RETAIN_SELF = YES;
				CLANG_WARN_OBJC_LITERAL_CONVERSION = YES;
				CLANG_WARN_OBJC_ROOT_CLASS = YES_ERROR;
				CLANG_WARN_RANGE_LOOP_ANALYSIS = YES;
				CLANG_WARN_STRICT_PROTOTYPES = YES;
				CLANG_WARN_SUSPICIOUS_MOVE = YES;
				CLANG_WARN_UNGUARDED_AVAILABILITY = YES_AGGRESSIVE;
				CLANG_WARN_UNREACHABLE_CODE = YES;
				CLANG_WARN__DUPLICATE_METHOD_MATCH = YES;
				COPY_PHASE_STRIP = NO;
				DEBUG_INFORMATION_FORMAT = dwarf;
				ENABLE_STRICT_OBJC_MSGSEND = YES;
				ENABLE_TESTABILITY = YES;
				GCC_C_LANGUAGE_STANDARD = gnu11;
				GCC_DYNAMIC_NO_PIC = NO;
				GCC_NO_COMMON_BLOCKS = YES;
				GCC_OPTIMIZATION_LEVEL = 0;
				GCC_PREPROCESSOR_DEFINITIONS = (
					"DEBUG=1",
					"$(inherited)",
				);
				GCC_WARN_64_TO_32_BIT_CONVERSION = YES;
				GCC_WARN_ABOUT_RETURN_TYPE = YES_ERROR;
				GCC_WARN_UNDECLARED_SELECTOR = YES;
				GCC_WARN_UNINITIALIZED_AUTOS = YES_AGGRESSIVE;
				GCC_WARN_UNUSED_FUNCTION = YES;
				GCC_WARN_UNUSED_VARIABLE = YES;
				IPHONEOS_DEPLOYMENT_TARGET = 13.2;
				MTL_ENABLE_DEBUG_INFO = INCLUDE_SOURCE;
				MTL_FAST_MATH = YES;
				ONLY_ACTIVE_ARCH = YES;
				SDKROOT = iphoneos;
				SWIFT_ACTIVE_COMPILATION_CONDITIONS = DEBUG;
				SWIFT_OPTIMIZATION_LEVEL = "-Onone";
			};
			name = Debug;
		};
		EBEAF3DF250C250900AA3AAF /* Release */ = {
			isa = XCBuildConfiguration;
			buildSettings = {
				ALWAYS_SEARCH_USER_PATHS = NO;
				CLANG_ANALYZER_NONNULL = YES;
				CLANG_ANALYZER_NUMBER_OBJECT_CONVERSION = YES_AGGRESSIVE;
				CLANG_CXX_LANGUAGE_STANDARD = "gnu++14";
				CLANG_CXX_LIBRARY = "libc++";
				CLANG_ENABLE_MODULES = YES;
				CLANG_ENABLE_OBJC_ARC = YES;
				CLANG_ENABLE_OBJC_WEAK = YES;
				CLANG_WARN_BLOCK_CAPTURE_AUTORELEASING = YES;
				CLANG_WARN_BOOL_CONVERSION = YES;
				CLANG_WARN_COMMA = YES;
				CLANG_WARN_CONSTANT_CONVERSION = YES;
				CLANG_WARN_DEPRECATED_OBJC_IMPLEMENTATIONS = YES;
				CLANG_WARN_DIRECT_OBJC_ISA_USAGE = YES_ERROR;
				CLANG_WARN_DOCUMENTATION_COMMENTS = YES;
				CLANG_WARN_EMPTY_BODY = YES;
				CLANG_WARN_ENUM_CONVERSION = YES;
				CLANG_WARN_INFINITE_RECURSION = YES;
				CLANG_WARN_INT_CONVERSION = YES;
				CLANG_WARN_NON_LITERAL_NULL_CONVERSION = YES;
				CLANG_WARN_OBJC_IMPLICIT_RETAIN_SELF = YES;
				CLANG_WARN_OBJC_LITERAL_CONVERSION = YES;
				CLANG_WARN_OBJC_ROOT_CLASS = YES_ERROR;
				CLANG_WARN_RANGE_LOOP_ANALYSIS = YES;
				CLANG_WARN_STRICT_PROTOTYPES = YES;
				CLANG_WARN_SUSPICIOUS_MOVE = YES;
				CLANG_WARN_UNGUARDED_AVAILABILITY = YES_AGGRESSIVE;
				CLANG_WARN_UNREACHABLE_CODE = YES;
				CLANG_WARN__DUPLICATE_METHOD_MATCH = YES;
				COPY_PHASE_STRIP = NO;
				DEBUG_INFORMATION_FORMAT = "dwarf-with-dsym";
				ENABLE_NS_ASSERTIONS = NO;
				ENABLE_STRICT_OBJC_MSGSEND = YES;
				GCC_C_LANGUAGE_STANDARD = gnu11;
				GCC_NO_COMMON_BLOCKS = YES;
				GCC_WARN_64_TO_32_BIT_CONVERSION = YES;
				GCC_WARN_ABOUT_RETURN_TYPE = YES_ERROR;
				GCC_WARN_UNDECLARED_SELECTOR = YES;
				GCC_WARN_UNINITIALIZED_AUTOS = YES_AGGRESSIVE;
				GCC_WARN_UNUSED_FUNCTION = YES;
				GCC_WARN_UNUSED_VARIABLE = YES;
				IPHONEOS_DEPLOYMENT_TARGET = 13.2;
				MTL_ENABLE_DEBUG_INFO = NO;
				MTL_FAST_MATH = YES;
				SDKROOT = iphoneos;
				SWIFT_COMPILATION_MODE = wholemodule;
				SWIFT_OPTIMIZATION_LEVEL = "-O";
				VALIDATE_PRODUCT = YES;
			};
			name = Release;
		};
		EBEAF3E1250C250900AA3AAF /* Debug */ = {
			isa = XCBuildConfiguration;
			buildSettings = {
				ASSETCATALOG_COMPILER_APPICON_NAME = AppIcon;
				CODE_SIGN_STYLE = Automatic;
				DEVELOPMENT_TEAM = HQ9RJZ3A7D;
				INFOPLIST_FILE = BaseProject/Info.plist;
				IPHONEOS_DEPLOYMENT_TARGET = 12.3;
				LD_RUNPATH_SEARCH_PATHS = (
					"$(inherited)",
					"@executable_path/Frameworks",
				);
				PRODUCT_BUNDLE_IDENTIFIER = "Paul-Huynh.Ayno";
				PRODUCT_NAME = "$(TARGET_NAME)";
				SWIFT_VERSION = 5.0;
				TARGETED_DEVICE_FAMILY = 1;
			};
			name = Debug;
		};
		EBEAF3E2250C250900AA3AAF /* Release */ = {
			isa = XCBuildConfiguration;
			buildSettings = {
				ASSETCATALOG_COMPILER_APPICON_NAME = AppIcon;
				CODE_SIGN_STYLE = Automatic;
				DEVELOPMENT_TEAM = HQ9RJZ3A7D;
				INFOPLIST_FILE = BaseProject/Info.plist;
				IPHONEOS_DEPLOYMENT_TARGET = 12.3;
				LD_RUNPATH_SEARCH_PATHS = (
					"$(inherited)",
					"@executable_path/Frameworks",
				);
				PRODUCT_BUNDLE_IDENTIFIER = "Paul-Huynh.Ayno";
				PRODUCT_NAME = "$(TARGET_NAME)";
				SWIFT_VERSION = 5.0;
				TARGETED_DEVICE_FAMILY = 1;
			};
			name = Release;
		};
/* End XCBuildConfiguration section */

/* Begin XCConfigurationList section */
		EBEAF3BC250C250800AA3AAF /* Build configuration list for PBXProject "BaseProject" */ = {
			isa = XCConfigurationList;
			buildConfigurations = (
				EBEAF3DE250C250900AA3AAF /* Debug */,
				EBEAF3DF250C250900AA3AAF /* Release */,
			);
			defaultConfigurationIsVisible = 0;
			defaultConfigurationName = Release;
		};
		EBEAF3E0250C250900AA3AAF /* Build configuration list for PBXNativeTarget "BaseProject" */ = {
			isa = XCConfigurationList;
			buildConfigurations = (
				EBEAF3E1250C250900AA3AAF /* Debug */,
				EBEAF3E2250C250900AA3AAF /* Release */,
			);
			defaultConfigurationIsVisible = 0;
			defaultConfigurationName = Release;
		};
/* End XCConfigurationList section */
	};
	rootObject = EBEAF3B9250C250800AA3AAF /* Project object */;
}
